
Microsoft Visual Studio Solution File, Format Version 12.00
# Visual Studio Version 17
VisualStudioVersion = 17.9.34622.214
MinimumVisualStudioVersion = 10.0.40219.1
Project("{FAE04EC0-301F-11D3-BF4B-00C04F79EFBC}") = "ISSExamen", "ISSExamen\ISSExamen.csproj", "{A1568D84-FE5C-4BC4-9D12-77AB0B4DBE50}"
EndProject
Global
	GlobalSection(SolutionConfigurationPlatforms) = preSolution
		Debug|Any CPU = Debug|Any CPU
		Release|Any CPU = Release|Any CPU
	EndGlobalSection
	GlobalSection(ProjectConfigurationPlatforms) = postSolution
		{A1568D84-FE5C-4BC4-9D12-77AB0B4DBE50}.Debug|Any CPU.ActiveCfg = Debug|Any CPU
		{A1568D84-FE5C-4BC4-9D12-77AB0B4DBE50}.Debug|Any CPU.Build.0 = Debug|Any CPU
		{A1568D84-FE5C-4BC4-9D12-77AB0B4DBE50}.Release|Any CPU.ActiveCfg = Release|Any CPU
		{A1568D84-FE5C-4BC4-9D12-77AB0B4DBE50}.Release|Any CPU.Build.0 = Release|Any CPU
	EndGlobalSection
	GlobalSection(SolutionProperties) = preSolution
		HideSolutionNode = FALSE
	EndGlobalSection
	GlobalSection(ExtensibilityGlobals) = postSolution
		SolutionGuid = {341315C7-BF1B-4F53-9B4A-5341B52217C4}
	EndGlobalSection
EndGlobal
