
Microsoft Visual Studio Solution File, Format Version 12.00
# Visual Studio Version 17
VisualStudioVersion = 17.5.33414.496
MinimumVisualStudioVersion = 10.0.40219.1
Project("{FAE04EC0-301F-11D3-BF4B-00C04F79EFBC}") = "lab1", "lab1.csproj", "{8419BAE9-A0B0-4671-984E-ABF5C727AB56}"
EndProject
Global
	GlobalSection(SolutionConfigurationPlatforms) = preSolution
		Debug|Any CPU = Debug|Any CPU
		Release|Any CPU = Release|Any CPU
	EndGlobalSection
	GlobalSection(ProjectConfigurationPlatforms) = postSolution
		{8419BAE9-A0B0-4671-984E-ABF5C727AB56}.Debug|Any CPU.ActiveCfg = Debug|Any CPU
		{8419BAE9-A0B0-4671-984E-ABF5C727AB56}.Debug|Any CPU.Build.0 = Debug|Any CPU
		{8419BAE9-A0B0-4671-984E-ABF5C727AB56}.Release|Any CPU.ActiveCfg = Release|Any CPU
		{8419BAE9-A0B0-4671-984E-ABF5C727AB56}.Release|Any CPU.Build.0 = Release|Any CPU
	EndGlobalSection
	GlobalSection(SolutionProperties) = preSolution
		HideSolutionNode = FALSE
	EndGlobalSection
	GlobalSection(ExtensibilityGlobals) = postSolution
		SolutionGuid = {81D58F36-7365-431B-86F5-2E9E87BF9CDD}
	EndGlobalSection
EndGlobal
